// !$*UTF8*$!
{
	archiveVersion = 1;
	classes = {
	};
	objectVersion = 48;
	objects = {

/* Begin PBXBuildFile section */
		16A81C9217142F81161F4A98 /* Pods_Graph.framework in Frameworks */ = {isa = PBXBuildFile; fileRef = 47C84D32F8969AA271E3E3E3 /* Pods_Graph.framework */; };
		432110542014D67900E1A24B /* Explode.scnp in Resources */ = {isa = PBXBuildFile; fileRef = 432110532014D67800E1A24B /* Explode.scnp */; };
		432617651FED71A70031EA1E /* node.dae in Resources */ = {isa = PBXBuildFile; fileRef = 432617641FED71A70031EA1E /* node.dae */; };
		43270DA620279CEE00BBF1CF /* Crystal14.png in Resources */ = {isa = PBXBuildFile; fileRef = 43270DA520279CEE00BBF1CF /* Crystal14.png */; };
		43270DAB2027A17700BBF1CF /* Crystal14_1.png in Resources */ = {isa = PBXBuildFile; fileRef = 43270DA92027A17700BBF1CF /* Crystal14_1.png */; };
		43270DAC2027A17700BBF1CF /* Crystal14_2.png in Resources */ = {isa = PBXBuildFile; fileRef = 43270DAA2027A17700BBF1CF /* Crystal14_2.png */; };
		43270DB02027A3F000BBF1CF /* crystal.dae in Resources */ = {isa = PBXBuildFile; fileRef = 43270DAF2027A3F000BBF1CF /* crystal.dae */; };
		43270DB82027E47B00BBF1CF /* SceneKit+Extensions.swift in Sources */ = {isa = PBXBuildFile; fileRef = 43270DB72027E47B00BBF1CF /* SceneKit+Extensions.swift */; };
		4331C6CF213C895B00FC7512 /* aleph.gif in Resources */ = {isa = PBXBuildFile; fileRef = 4331C6CE213C895A00FC7512 /* aleph.gif */; };
		433512C61FDE26070078DB5F /* Glow.scnp in Resources */ = {isa = PBXBuildFile; fileRef = 433512C51FDE26060078DB5F /* Glow.scnp */; };
		433E816B2142E5F5007E7A14 /* aleph_Idle.gif in Resources */ = {isa = PBXBuildFile; fileRef = 433E816A2142E5F5007E7A14 /* aleph_Idle.gif */; };
		433E816D2148391C007E7A14 /* layers.plist in Resources */ = {isa = PBXBuildFile; fileRef = 433E816C2148391C007E7A14 /* layers.plist */; };
		433E816F21483CE8007E7A14 /* Layer.swift in Sources */ = {isa = PBXBuildFile; fileRef = 433E816E21483CE8007E7A14 /* Layer.swift */; };
		433E8171214840E4007E7A14 /* Layers.swift in Sources */ = {isa = PBXBuildFile; fileRef = 433E8170214840E4007E7A14 /* Layers.swift */; };
		4344E96920026712003FC234 /* ParticleGeneration.swift in Sources */ = {isa = PBXBuildFile; fileRef = 4344E96820026712003FC234 /* ParticleGeneration.swift */; };
		4344E96B200269E0003FC234 /* GraphAnimation.swift in Sources */ = {isa = PBXBuildFile; fileRef = 4344E96A200269E0003FC234 /* GraphAnimation.swift */; };
		434A574F1FDB109400FD172B /* layer1.plist in Resources */ = {isa = PBXBuildFile; fileRef = 434A574E1FDB109400FD172B /* layer1.plist */; };
		4350C46A21051FEA00A833A0 /* UIImageVIew+Extensions.swift in Sources */ = {isa = PBXBuildFile; fileRef = 4350C46921051FEA00A833A0 /* UIImageVIew+Extensions.swift */; };
		435A212221556056003EF7D8 /* layer2.plist in Resources */ = {isa = PBXBuildFile; fileRef = 435A212121556055003EF7D8 /* layer2.plist */; };
		435BACCA1FD7584400DFAF6B /* Trail.scnp in Resources */ = {isa = PBXBuildFile; fileRef = 435BACC91FD7584400DFAF6B /* Trail.scnp */; };
		436C7B0C2090F9370037342A /* mix_locked.dae in Resources */ = {isa = PBXBuildFile; fileRef = 436C7B032090F9360037342A /* mix_locked.dae */; };
		436C7B0D2090F9370037342A /* planar_locked.dae in Resources */ = {isa = PBXBuildFile; fileRef = 436C7B042090F9360037342A /* planar_locked.dae */; };
		436C7B0E2090F9370037342A /* hamiltonian_locked.dae in Resources */ = {isa = PBXBuildFile; fileRef = 436C7B052090F9370037342A /* hamiltonian_locked.dae */; };
		436C7B0F2090F9370037342A /* hamiltonian_random.dae in Resources */ = {isa = PBXBuildFile; fileRef = 436C7B062090F9370037342A /* hamiltonian_random.dae */; };
		436C7B102090F9370037342A /* mix_random.dae in Resources */ = {isa = PBXBuildFile; fileRef = 436C7B072090F9370037342A /* mix_random.dae */; };
		436C7B112090F9370037342A /* mix_complete.dae in Resources */ = {isa = PBXBuildFile; fileRef = 436C7B082090F9370037342A /* mix_complete.dae */; };
		436C7B122090F9370037342A /* hamiltonian_complete.dae in Resources */ = {isa = PBXBuildFile; fileRef = 436C7B092090F9370037342A /* hamiltonian_complete.dae */; };
		436C7B132090F9370037342A /* planar_complete.dae in Resources */ = {isa = PBXBuildFile; fileRef = 436C7B0A2090F9370037342A /* planar_complete.dae */; };
		436C7B142090F9370037342A /* planar_random.dae in Resources */ = {isa = PBXBuildFile; fileRef = 436C7B0B2090F9370037342A /* planar_random.dae */; };
		436C7B192090FC570037342A /* hamiltonian.dae in Resources */ = {isa = PBXBuildFile; fileRef = 436C7B162090FC560037342A /* hamiltonian.dae */; };
		436C7B1A2090FC570037342A /* planar.dae in Resources */ = {isa = PBXBuildFile; fileRef = 436C7B172090FC560037342A /* planar.dae */; };
		436C7B20209407EF0037342A /* hamiltonian_timed.dae in Resources */ = {isa = PBXBuildFile; fileRef = 436C7B1D209407EF0037342A /* hamiltonian_timed.dae */; };
		436C7B21209407EF0037342A /* mix_timed.dae in Resources */ = {isa = PBXBuildFile; fileRef = 436C7B1E209407EF0037342A /* mix_timed.dae */; };
		436C7B22209407EF0037342A /* planar_timed.dae in Resources */ = {isa = PBXBuildFile; fileRef = 436C7B1F209407EF0037342A /* planar_timed.dae */; };
		436C7B2C20940E440037342A /* mix.dae in Resources */ = {isa = PBXBuildFile; fileRef = 436C7B2B20940E440037342A /* mix.dae */; };
		436C7B3A20961DE40037342A /* spiral.dae in Resources */ = {isa = PBXBuildFile; fileRef = 436C7B3920961DE40037342A /* spiral.dae */; };
		436C7B3C20961E170037342A /* Spiral.scnp in Resources */ = {isa = PBXBuildFile; fileRef = 436C7B3B20961E160037342A /* Spiral.scnp */; };
		436C7B3E209A9F540037342A /* Emitter.scnp in Resources */ = {isa = PBXBuildFile; fileRef = 436C7B3D209A9F540037342A /* Emitter.scnp */; };
		436DD3C620BAFFD700CD2912 /* selection_animated_old.gif in Resources */ = {isa = PBXBuildFile; fileRef = 436DD3C520BAFFD700CD2912 /* selection_animated_old.gif */; };
		436DD3C820BED4B400CD2912 /* selection_animated.gif in Resources */ = {isa = PBXBuildFile; fileRef = 436DD3C720BED4B400CD2912 /* selection_animated.gif */; };
		437C90C81FB7B1BF0017A454 /* SCNVector3+Extensions.swift in Sources */ = {isa = PBXBuildFile; fileRef = 437C90C71FB7B1BF0017A454 /* SCNVector3+Extensions.swift */; };
		43860BC71FB7E17C0076B0CF /* Vertex.swift in Sources */ = {isa = PBXBuildFile; fileRef = 43860BC61FB7E17C0076B0CF /* Vertex.swift */; };
		43860BC91FB7E1DA0076B0CF /* Edges.swift in Sources */ = {isa = PBXBuildFile; fileRef = 43860BC81FB7E1DA0076B0CF /* Edges.swift */; };
		43860BCB1FB7E2880076B0CF /* Graphable.swift in Sources */ = {isa = PBXBuildFile; fileRef = 43860BCA1FB7E2880076B0CF /* Graphable.swift */; };
		43860BCD1FB7E2C60076B0CF /* AdjacencyList.swift in Sources */ = {isa = PBXBuildFile; fileRef = 43860BCC1FB7E2C60076B0CF /* AdjacencyList.swift */; };
		43860BCF1FB8ECA70076B0CF /* SCNNode+Extensions.swift in Sources */ = {isa = PBXBuildFile; fileRef = 43860BCE1FB8ECA70076B0CF /* SCNNode+Extensions.swift */; };
		43860BD31FB8ED1B0076B0CF /* Level.swift in Sources */ = {isa = PBXBuildFile; fileRef = 43860BD21FB8ED1B0076B0CF /* Level.swift */; };
		43A018F31FC10B28005FF276 /* Node.swift in Sources */ = {isa = PBXBuildFile; fileRef = 43A018F21FC10B28005FF276 /* Node.swift */; };
		43A1B90520802BBC00C9A065 /* UserDefaultsInteractor.swift in Sources */ = {isa = PBXBuildFile; fileRef = 43A1B90420802BBC00C9A065 /* UserDefaultsInteractor.swift */; };
		43A2E16F2135B5D100DA3069 /* LayerViewController.swift in Sources */ = {isa = PBXBuildFile; fileRef = 43A2E16E2135B5D100DA3069 /* LayerViewController.swift */; };
		43A2E1712135B8AF00DA3069 /* LevelLayerCollectionViewCell.xib in Resources */ = {isa = PBXBuildFile; fileRef = 43A2E1702135B8AF00DA3069 /* LevelLayerCollectionViewCell.xib */; };
		43A2E1732135B8C200DA3069 /* LevelLayerCollectionViewCell.swift in Sources */ = {isa = PBXBuildFile; fileRef = 43A2E1722135B8C200DA3069 /* LevelLayerCollectionViewCell.swift */; };
		43A6E29820310662009C072D /* Array+Extensions.swift in Sources */ = {isa = PBXBuildFile; fileRef = 43A6E29720310662009C072D /* Array+Extensions.swift */; };
		43A71C56207A870A008D3104 /* LevelSelectViewController.swift in Sources */ = {isa = PBXBuildFile; fileRef = 43A71C55207A870A008D3104 /* LevelSelectViewController.swift */; };
		43A71C5E207A936B008D3104 /* hexagon.dae in Resources */ = {isa = PBXBuildFile; fileRef = 43A71C5D207A936B008D3104 /* hexagon.dae */; };
		43A8BB8020A91CD200FF4A18 /* Assets.xcassets in Resources */ = {isa = PBXBuildFile; fileRef = 43A8BB7F20A91CD200FF4A18 /* Assets.xcassets */; };
		43B012761FD62BA500F017A6 /* icosahedron.obj in Resources */ = {isa = PBXBuildFile; fileRef = 43B012751FD62BA500F017A6 /* icosahedron.obj */; };
		43B0E6B020374CBD00D444B0 /* CALayer+Extensions.swift in Sources */ = {isa = PBXBuildFile; fileRef = 43B0E6AF20374CBD00D444B0 /* CALayer+Extensions.swift */; };
		43B0E6B220387F4700D444B0 /* UIView+Extensions.swift in Sources */ = {isa = PBXBuildFile; fileRef = 43B0E6B120387F4700D444B0 /* UIView+Extensions.swift */; };
		43B0E6B5203A00A100D444B0 /* SCNGeometry+Extensions.swift in Sources */ = {isa = PBXBuildFile; fileRef = 43B0E6B4203A00A100D444B0 /* SCNGeometry+Extensions.swift */; };
		43BF188E209B501900E637D1 /* title.dae in Resources */ = {isa = PBXBuildFile; fileRef = 43BF188D209B501800E637D1 /* title.dae */; };
		43BF1892209B975100E637D1 /* play.dae in Resources */ = {isa = PBXBuildFile; fileRef = 43BF1891209B975100E637D1 /* play.dae */; };
		43C581811FE356AF00D344B0 /* Background.sks in Resources */ = {isa = PBXBuildFile; fileRef = 43C5817F1FE356AF00D344B0 /* Background.sks */; };
		43C581851FE4481B00D344B0 /* ColorButtonCollectionViewCell.xib in Resources */ = {isa = PBXBuildFile; fileRef = 43C581841FE4481B00D344B0 /* ColorButtonCollectionViewCell.xib */; };
		43C581891FE4488300D344B0 /* ColorButtonCollectionViewCell.swift in Sources */ = {isa = PBXBuildFile; fileRef = 43C581881FE4488300D344B0 /* ColorButtonCollectionViewCell.swift */; };
		43CA8FD91FB6919900B962D9 /* AppDelegate.swift in Sources */ = {isa = PBXBuildFile; fileRef = 43CA8FD81FB6919900B962D9 /* AppDelegate.swift */; };
		43CA8FDD1FB6919900B962D9 /* GameViewController.swift in Sources */ = {isa = PBXBuildFile; fileRef = 43CA8FDC1FB6919900B962D9 /* GameViewController.swift */; };
		43CA8FE01FB6919900B962D9 /* Main.storyboard in Resources */ = {isa = PBXBuildFile; fileRef = 43CA8FDE1FB6919900B962D9 /* Main.storyboard */; };
		43CA8FE51FB6919900B962D9 /* LaunchScreen.storyboard in Resources */ = {isa = PBXBuildFile; fileRef = 43CA8FE31FB6919900B962D9 /* LaunchScreen.storyboard */; };
		43CA8FF11FB6961C00B962D9 /* Graph.scnassets in Resources */ = {isa = PBXBuildFile; fileRef = 43CA8FF01FB6961C00B962D9 /* Graph.scnassets */; };
		43CA8FF31FB697B600B962D9 /* Shapes.swift in Sources */ = {isa = PBXBuildFile; fileRef = 43CA8FF21FB697B600B962D9 /* Shapes.swift */; };
		43CA8FFE1FB762D300B962D9 /* SCNAction+Extensions.swift in Sources */ = {isa = PBXBuildFile; fileRef = 43CA8FF71FB762D300B962D9 /* SCNAction+Extensions.swift */; };
		43CA90021FB762D300B962D9 /* UIColor+Extensions.swift in Sources */ = {isa = PBXBuildFile; fileRef = 43CA8FFB1FB762D300B962D9 /* UIColor+Extensions.swift */; };
		43DD9B48212E45D9003000C7 /* kColor_timed.dae in Resources */ = {isa = PBXBuildFile; fileRef = 43DD9B44212E45D8003000C7 /* kColor_timed.dae */; };
		43DD9B49212E45D9003000C7 /* kColor_locked.dae in Resources */ = {isa = PBXBuildFile; fileRef = 43DD9B45212E45D8003000C7 /* kColor_locked.dae */; };
		43DD9B4A212E45D9003000C7 /* kColor_complete.dae in Resources */ = {isa = PBXBuildFile; fileRef = 43DD9B46212E45D9003000C7 /* kColor_complete.dae */; };
		43DD9B4B212E45D9003000C7 /* kColor.dae in Resources */ = {isa = PBXBuildFile; fileRef = 43DD9B47212E45D9003000C7 /* kColor.dae */; };
/* End PBXBuildFile section */

/* Begin PBXFileReference section */
		156BEFBF47AC34201AC31AC9 /* Pods-Graph.release.xcconfig */ = {isa = PBXFileReference; includeInIndex = 1; lastKnownFileType = text.xcconfig; name = "Pods-Graph.release.xcconfig"; path = "Pods/Target Support Files/Pods-Graph/Pods-Graph.release.xcconfig"; sourceTree = "<group>"; };
		432110532014D67800E1A24B /* Explode.scnp */ = {isa = PBXFileReference; lastKnownFileType = file.scp; path = Explode.scnp; sourceTree = "<group>"; };
		432617641FED71A70031EA1E /* node.dae */ = {isa = PBXFileReference; fileEncoding = 4; lastKnownFileType = text.xml.dae; path = node.dae; sourceTree = "<group>"; };
		43270DA520279CEE00BBF1CF /* Crystal14.png */ = {isa = PBXFileReference; lastKnownFileType = image.png; path = Crystal14.png; sourceTree = "<group>"; };
		43270DA92027A17700BBF1CF /* Crystal14_1.png */ = {isa = PBXFileReference; lastKnownFileType = image.png; path = Crystal14_1.png; sourceTree = "<group>"; };
		43270DAA2027A17700BBF1CF /* Crystal14_2.png */ = {isa = PBXFileReference; lastKnownFileType = image.png; path = Crystal14_2.png; sourceTree = "<group>"; };
		43270DAF2027A3F000BBF1CF /* crystal.dae */ = {isa = PBXFileReference; fileEncoding = 4; lastKnownFileType = text.xml.dae; path = crystal.dae; sourceTree = "<group>"; };
		43270DB72027E47B00BBF1CF /* SceneKit+Extensions.swift */ = {isa = PBXFileReference; lastKnownFileType = sourcecode.swift; path = "SceneKit+Extensions.swift"; sourceTree = "<group>"; };
		4331C6CE213C895A00FC7512 /* aleph.gif */ = {isa = PBXFileReference; lastKnownFileType = image.gif; path = aleph.gif; sourceTree = "<group>"; };
		433512C51FDE26060078DB5F /* Glow.scnp */ = {isa = PBXFileReference; lastKnownFileType = file.scp; path = Glow.scnp; sourceTree = "<group>"; };
		433E816A2142E5F5007E7A14 /* aleph_Idle.gif */ = {isa = PBXFileReference; lastKnownFileType = image.gif; path = aleph_Idle.gif; sourceTree = "<group>"; };
		433E816C2148391C007E7A14 /* layers.plist */ = {isa = PBXFileReference; lastKnownFileType = text.plist.xml; path = layers.plist; sourceTree = "<group>"; };
		433E816E21483CE8007E7A14 /* Layer.swift */ = {isa = PBXFileReference; lastKnownFileType = sourcecode.swift; path = Layer.swift; sourceTree = "<group>"; };
		433E8170214840E4007E7A14 /* Layers.swift */ = {isa = PBXFileReference; lastKnownFileType = sourcecode.swift; path = Layers.swift; sourceTree = "<group>"; };
		4344E96820026712003FC234 /* ParticleGeneration.swift */ = {isa = PBXFileReference; lastKnownFileType = sourcecode.swift; path = ParticleGeneration.swift; sourceTree = "<group>"; };
		4344E96A200269E0003FC234 /* GraphAnimation.swift */ = {isa = PBXFileReference; lastKnownFileType = sourcecode.swift; path = GraphAnimation.swift; sourceTree = "<group>"; };
		434A574E1FDB109400FD172B /* layer1.plist */ = {isa = PBXFileReference; lastKnownFileType = text.plist.xml; path = layer1.plist; sourceTree = "<group>"; };
		4350C46921051FEA00A833A0 /* UIImageVIew+Extensions.swift */ = {isa = PBXFileReference; lastKnownFileType = sourcecode.swift; path = "UIImageVIew+Extensions.swift"; sourceTree = "<group>"; };
		435A212121556055003EF7D8 /* layer2.plist */ = {isa = PBXFileReference; fileEncoding = 4; lastKnownFileType = text.plist.xml; path = layer2.plist; sourceTree = "<group>"; };
		435BACC91FD7584400DFAF6B /* Trail.scnp */ = {isa = PBXFileReference; lastKnownFileType = file.scp; path = Trail.scnp; sourceTree = "<group>"; };
		436C7B032090F9360037342A /* mix_locked.dae */ = {isa = PBXFileReference; fileEncoding = 4; lastKnownFileType = text.xml.dae; path = mix_locked.dae; sourceTree = "<group>"; };
		436C7B042090F9360037342A /* planar_locked.dae */ = {isa = PBXFileReference; fileEncoding = 4; lastKnownFileType = text.xml.dae; path = planar_locked.dae; sourceTree = "<group>"; };
		436C7B052090F9370037342A /* hamiltonian_locked.dae */ = {isa = PBXFileReference; fileEncoding = 4; lastKnownFileType = text.xml.dae; path = hamiltonian_locked.dae; sourceTree = "<group>"; };
		436C7B062090F9370037342A /* hamiltonian_random.dae */ = {isa = PBXFileReference; fileEncoding = 4; lastKnownFileType = text.xml.dae; path = hamiltonian_random.dae; sourceTree = "<group>"; };
		436C7B072090F9370037342A /* mix_random.dae */ = {isa = PBXFileReference; fileEncoding = 4; lastKnownFileType = text.xml.dae; path = mix_random.dae; sourceTree = "<group>"; };
		436C7B082090F9370037342A /* mix_complete.dae */ = {isa = PBXFileReference; fileEncoding = 4; lastKnownFileType = text.xml.dae; path = mix_complete.dae; sourceTree = "<group>"; };
		436C7B092090F9370037342A /* hamiltonian_complete.dae */ = {isa = PBXFileReference; fileEncoding = 4; lastKnownFileType = text.xml.dae; path = hamiltonian_complete.dae; sourceTree = "<group>"; };
		436C7B0A2090F9370037342A /* planar_complete.dae */ = {isa = PBXFileReference; fileEncoding = 4; lastKnownFileType = text.xml.dae; path = planar_complete.dae; sourceTree = "<group>"; };
		436C7B0B2090F9370037342A /* planar_random.dae */ = {isa = PBXFileReference; fileEncoding = 4; lastKnownFileType = text.xml.dae; path = planar_random.dae; sourceTree = "<group>"; };
		436C7B162090FC560037342A /* hamiltonian.dae */ = {isa = PBXFileReference; fileEncoding = 4; lastKnownFileType = text.xml.dae; path = hamiltonian.dae; sourceTree = "<group>"; };
		436C7B172090FC560037342A /* planar.dae */ = {isa = PBXFileReference; fileEncoding = 4; lastKnownFileType = text.xml.dae; path = planar.dae; sourceTree = "<group>"; };
		436C7B1D209407EF0037342A /* hamiltonian_timed.dae */ = {isa = PBXFileReference; fileEncoding = 4; lastKnownFileType = text.xml.dae; path = hamiltonian_timed.dae; sourceTree = "<group>"; };
		436C7B1E209407EF0037342A /* mix_timed.dae */ = {isa = PBXFileReference; fileEncoding = 4; lastKnownFileType = text.xml.dae; path = mix_timed.dae; sourceTree = "<group>"; };
		436C7B1F209407EF0037342A /* planar_timed.dae */ = {isa = PBXFileReference; fileEncoding = 4; lastKnownFileType = text.xml.dae; path = planar_timed.dae; sourceTree = "<group>"; };
		436C7B2B20940E440037342A /* mix.dae */ = {isa = PBXFileReference; fileEncoding = 4; lastKnownFileType = text.xml.dae; path = mix.dae; sourceTree = "<group>"; };
		436C7B3920961DE40037342A /* spiral.dae */ = {isa = PBXFileReference; fileEncoding = 4; lastKnownFileType = text.xml.dae; path = spiral.dae; sourceTree = "<group>"; };
		436C7B3B20961E160037342A /* Spiral.scnp */ = {isa = PBXFileReference; lastKnownFileType = file.scp; path = Spiral.scnp; sourceTree = "<group>"; };
		436C7B3D209A9F540037342A /* Emitter.scnp */ = {isa = PBXFileReference; lastKnownFileType = file.scp; path = Emitter.scnp; sourceTree = "<group>"; };
		436DD3C520BAFFD700CD2912 /* selection_animated_old.gif */ = {isa = PBXFileReference; lastKnownFileType = image.gif; path = selection_animated_old.gif; sourceTree = "<group>"; };
		436DD3C720BED4B400CD2912 /* selection_animated.gif */ = {isa = PBXFileReference; lastKnownFileType = image.gif; path = selection_animated.gif; sourceTree = "<group>"; };
		437C90C71FB7B1BF0017A454 /* SCNVector3+Extensions.swift */ = {isa = PBXFileReference; lastKnownFileType = sourcecode.swift; path = "SCNVector3+Extensions.swift"; sourceTree = "<group>"; };
		43860BC61FB7E17C0076B0CF /* Vertex.swift */ = {isa = PBXFileReference; lastKnownFileType = sourcecode.swift; path = Vertex.swift; sourceTree = "<group>"; };
		43860BC81FB7E1DA0076B0CF /* Edges.swift */ = {isa = PBXFileReference; lastKnownFileType = sourcecode.swift; path = Edges.swift; sourceTree = "<group>"; };
		43860BCA1FB7E2880076B0CF /* Graphable.swift */ = {isa = PBXFileReference; lastKnownFileType = sourcecode.swift; path = Graphable.swift; sourceTree = "<group>"; };
		43860BCC1FB7E2C60076B0CF /* AdjacencyList.swift */ = {isa = PBXFileReference; lastKnownFileType = sourcecode.swift; path = AdjacencyList.swift; sourceTree = "<group>"; };
		43860BCE1FB8ECA70076B0CF /* SCNNode+Extensions.swift */ = {isa = PBXFileReference; lastKnownFileType = sourcecode.swift; path = "SCNNode+Extensions.swift"; sourceTree = "<group>"; };
		43860BD21FB8ED1B0076B0CF /* Level.swift */ = {isa = PBXFileReference; lastKnownFileType = sourcecode.swift; path = Level.swift; sourceTree = "<group>"; };
		43A018F21FC10B28005FF276 /* Node.swift */ = {isa = PBXFileReference; lastKnownFileType = sourcecode.swift; path = Node.swift; sourceTree = "<group>"; };
		43A1B90420802BBC00C9A065 /* UserDefaultsInteractor.swift */ = {isa = PBXFileReference; lastKnownFileType = sourcecode.swift; path = UserDefaultsInteractor.swift; sourceTree = "<group>"; };
		43A2E16E2135B5D100DA3069 /* LayerViewController.swift */ = {isa = PBXFileReference; lastKnownFileType = sourcecode.swift; path = LayerViewController.swift; sourceTree = "<group>"; };
		43A2E1702135B8AF00DA3069 /* LevelLayerCollectionViewCell.xib */ = {isa = PBXFileReference; lastKnownFileType = file.xib; path = LevelLayerCollectionViewCell.xib; sourceTree = "<group>"; };
		43A2E1722135B8C200DA3069 /* LevelLayerCollectionViewCell.swift */ = {isa = PBXFileReference; lastKnownFileType = sourcecode.swift; path = LevelLayerCollectionViewCell.swift; sourceTree = "<group>"; };
		43A6E29720310662009C072D /* Array+Extensions.swift */ = {isa = PBXFileReference; lastKnownFileType = sourcecode.swift; path = "Array+Extensions.swift"; sourceTree = "<group>"; };
		43A71C55207A870A008D3104 /* LevelSelectViewController.swift */ = {isa = PBXFileReference; fileEncoding = 4; lastKnownFileType = sourcecode.swift; path = LevelSelectViewController.swift; sourceTree = "<group>"; };
		43A71C5D207A936B008D3104 /* hexagon.dae */ = {isa = PBXFileReference; fileEncoding = 4; lastKnownFileType = text.xml.dae; path = hexagon.dae; sourceTree = "<group>"; };
		43A8BB7F20A91CD200FF4A18 /* Assets.xcassets */ = {isa = PBXFileReference; lastKnownFileType = folder.assetcatalog; path = Assets.xcassets; sourceTree = "<group>"; };
		43B012751FD62BA500F017A6 /* icosahedron.obj */ = {isa = PBXFileReference; fileEncoding = 4; lastKnownFileType = text; path = icosahedron.obj; sourceTree = "<group>"; };
		43B0E6AF20374CBD00D444B0 /* CALayer+Extensions.swift */ = {isa = PBXFileReference; lastKnownFileType = sourcecode.swift; path = "CALayer+Extensions.swift"; sourceTree = "<group>"; };
		43B0E6B120387F4700D444B0 /* UIView+Extensions.swift */ = {isa = PBXFileReference; lastKnownFileType = sourcecode.swift; path = "UIView+Extensions.swift"; sourceTree = "<group>"; };
		43B0E6B4203A00A100D444B0 /* SCNGeometry+Extensions.swift */ = {isa = PBXFileReference; lastKnownFileType = sourcecode.swift; path = "SCNGeometry+Extensions.swift"; sourceTree = "<group>"; };
		43BF188D209B501800E637D1 /* title.dae */ = {isa = PBXFileReference; fileEncoding = 4; lastKnownFileType = text.xml.dae; path = title.dae; sourceTree = "<group>"; };
		43BF1891209B975100E637D1 /* play.dae */ = {isa = PBXFileReference; fileEncoding = 4; lastKnownFileType = text.xml.dae; path = play.dae; sourceTree = "<group>"; };
		43C5817F1FE356AF00D344B0 /* Background.sks */ = {isa = PBXFileReference; lastKnownFileType = file.sks; path = Background.sks; sourceTree = "<group>"; };
		43C581841FE4481B00D344B0 /* ColorButtonCollectionViewCell.xib */ = {isa = PBXFileReference; lastKnownFileType = file.xib; path = ColorButtonCollectionViewCell.xib; sourceTree = "<group>"; };
		43C581881FE4488300D344B0 /* ColorButtonCollectionViewCell.swift */ = {isa = PBXFileReference; lastKnownFileType = sourcecode.swift; path = ColorButtonCollectionViewCell.swift; sourceTree = "<group>"; };
		43CA8FD51FB6919900B962D9 /* Graph.app */ = {isa = PBXFileReference; explicitFileType = wrapper.application; includeInIndex = 0; path = Graph.app; sourceTree = BUILT_PRODUCTS_DIR; };
		43CA8FD81FB6919900B962D9 /* AppDelegate.swift */ = {isa = PBXFileReference; lastKnownFileType = sourcecode.swift; path = AppDelegate.swift; sourceTree = "<group>"; };
		43CA8FDC1FB6919900B962D9 /* GameViewController.swift */ = {isa = PBXFileReference; lastKnownFileType = sourcecode.swift; path = GameViewController.swift; sourceTree = "<group>"; };
		43CA8FDF1FB6919900B962D9 /* Base */ = {isa = PBXFileReference; lastKnownFileType = file.storyboard; name = Base; path = Base.lproj/Main.storyboard; sourceTree = "<group>"; };
		43CA8FE41FB6919900B962D9 /* Base */ = {isa = PBXFileReference; lastKnownFileType = file.storyboard; name = Base; path = Base.lproj/LaunchScreen.storyboard; sourceTree = "<group>"; };
		43CA8FE61FB6919900B962D9 /* Info.plist */ = {isa = PBXFileReference; lastKnownFileType = text.plist.xml; path = Info.plist; sourceTree = "<group>"; };
		43CA8FF01FB6961C00B962D9 /* Graph.scnassets */ = {isa = PBXFileReference; lastKnownFileType = wrapper.scnassets; path = Graph.scnassets; sourceTree = "<group>"; };
		43CA8FF21FB697B600B962D9 /* Shapes.swift */ = {isa = PBXFileReference; lastKnownFileType = sourcecode.swift; path = Shapes.swift; sourceTree = "<group>"; };
		43CA8FF71FB762D300B962D9 /* SCNAction+Extensions.swift */ = {isa = PBXFileReference; lastKnownFileType = sourcecode.swift; path = "SCNAction+Extensions.swift"; sourceTree = "<group>"; };
		43CA8FFB1FB762D300B962D9 /* UIColor+Extensions.swift */ = {isa = PBXFileReference; lastKnownFileType = sourcecode.swift; path = "UIColor+Extensions.swift"; sourceTree = "<group>"; };
		43DD9B44212E45D8003000C7 /* kColor_timed.dae */ = {isa = PBXFileReference; fileEncoding = 4; lastKnownFileType = text.xml.dae; path = kColor_timed.dae; sourceTree = "<group>"; };
		43DD9B45212E45D8003000C7 /* kColor_locked.dae */ = {isa = PBXFileReference; fileEncoding = 4; lastKnownFileType = text.xml.dae; path = kColor_locked.dae; sourceTree = "<group>"; };
		43DD9B46212E45D9003000C7 /* kColor_complete.dae */ = {isa = PBXFileReference; fileEncoding = 4; lastKnownFileType = text.xml.dae; path = kColor_complete.dae; sourceTree = "<group>"; };
		43DD9B47212E45D9003000C7 /* kColor.dae */ = {isa = PBXFileReference; fileEncoding = 4; lastKnownFileType = text.xml.dae; path = kColor.dae; sourceTree = "<group>"; };
		47C84D32F8969AA271E3E3E3 /* Pods_Graph.framework */ = {isa = PBXFileReference; explicitFileType = wrapper.framework; includeInIndex = 0; path = Pods_Graph.framework; sourceTree = BUILT_PRODUCTS_DIR; };
		910B26147B38720B1B5A169E /* Pods-Graph.debug.xcconfig */ = {isa = PBXFileReference; includeInIndex = 1; lastKnownFileType = text.xcconfig; name = "Pods-Graph.debug.xcconfig"; path = "Pods/Target Support Files/Pods-Graph/Pods-Graph.debug.xcconfig"; sourceTree = "<group>"; };
/* End PBXFileReference section */

/* Begin PBXFrameworksBuildPhase section */
		43CA8FD21FB6919900B962D9 /* Frameworks */ = {
			isa = PBXFrameworksBuildPhase;
			buildActionMask = 2147483647;
			files = (
				16A81C9217142F81161F4A98 /* Pods_Graph.framework in Frameworks */,
			);
			runOnlyForDeploymentPostprocessing = 0;
		};
/* End PBXFrameworksBuildPhase section */

/* Begin PBXGroup section */
		08CA4A76AADCB0E24F341BFF /* Pods */ = {
			isa = PBXGroup;
			children = (
				910B26147B38720B1B5A169E /* Pods-Graph.debug.xcconfig */,
				156BEFBF47AC34201AC31AC9 /* Pods-Graph.release.xcconfig */,
			);
			name = Pods;
			sourceTree = "<group>";
		};
		43860BD01FB8ECC50076B0CF /* Extensions */ = {
			isa = PBXGroup;
			children = (
				43CA8FFB1FB762D300B962D9 /* UIColor+Extensions.swift */,
				43860BCE1FB8ECA70076B0CF /* SCNNode+Extensions.swift */,
				437C90C71FB7B1BF0017A454 /* SCNVector3+Extensions.swift */,
				43CA8FF71FB762D300B962D9 /* SCNAction+Extensions.swift */,
				43270DB72027E47B00BBF1CF /* SceneKit+Extensions.swift */,
				43A6E29720310662009C072D /* Array+Extensions.swift */,
				43B0E6AF20374CBD00D444B0 /* CALayer+Extensions.swift */,
				43B0E6B120387F4700D444B0 /* UIView+Extensions.swift */,
				43B0E6B4203A00A100D444B0 /* SCNGeometry+Extensions.swift */,
				4350C46921051FEA00A833A0 /* UIImageVIew+Extensions.swift */,
			);
			path = Extensions;
			sourceTree = "<group>";
		};
		43860BD11FB8ECD20076B0CF /* AdjacencyListComponents */ = {
			isa = PBXGroup;
			children = (
				43860BC61FB7E17C0076B0CF /* Vertex.swift */,
				43860BC81FB7E1DA0076B0CF /* Edges.swift */,
				43860BCA1FB7E2880076B0CF /* Graphable.swift */,
				43860BCC1FB7E2C60076B0CF /* AdjacencyList.swift */,
				43A018F21FC10B28005FF276 /* Node.swift */,
			);
			path = AdjacencyListComponents;
			sourceTree = "<group>";
		};
		43860BD81FB8F4830076B0CF /* Helpers */ = {
			isa = PBXGroup;
			children = (
				43860BD21FB8ED1B0076B0CF /* Level.swift */,
				433E816E21483CE8007E7A14 /* Layer.swift */,
				433E8170214840E4007E7A14 /* Layers.swift */,
				43CA8FF21FB697B600B962D9 /* Shapes.swift */,
				4344E96820026712003FC234 /* ParticleGeneration.swift */,
				4344E96A200269E0003FC234 /* GraphAnimation.swift */,
			);
			path = Helpers;
			sourceTree = "<group>";
		};
		43A1B90320802B9E00C9A065 /* Interactors */ = {
			isa = PBXGroup;
			children = (
				43A1B90420802BBC00C9A065 /* UserDefaultsInteractor.swift */,
			);
			path = Interactors;
			sourceTree = "<group>";
		};
		43B012791FD62DBF00F017A6 /* Models */ = {
			isa = PBXGroup;
			children = (
				43B012751FD62BA500F017A6 /* icosahedron.obj */,
				43D732F7206484E300AA0EFB /* dae */,
				433E816C2148391C007E7A14 /* layers.plist */,
				434A574E1FDB109400FD172B /* layer1.plist */,
				435A212121556055003EF7D8 /* layer2.plist */,
			);
			path = Models;
			sourceTree = "<group>";
		};
		43B0127A1FD7580B00F017A6 /* Particles */ = {
			isa = PBXGroup;
			children = (
				432110532014D67800E1A24B /* Explode.scnp */,
				435BACC91FD7584400DFAF6B /* Trail.scnp */,
				433512C51FDE26060078DB5F /* Glow.scnp */,
				436C7B3B20961E160037342A /* Spiral.scnp */,
				43C5817F1FE356AF00D344B0 /* Background.sks */,
				436C7B3D209A9F540037342A /* Emitter.scnp */,
			);
			path = Particles;
			sourceTree = "<group>";
		};
		43C581831FE445DE00D344B0 /* Views */ = {
			isa = PBXGroup;
			children = (
				43C581841FE4481B00D344B0 /* ColorButtonCollectionViewCell.xib */,
				43C581881FE4488300D344B0 /* ColorButtonCollectionViewCell.swift */,
				43A2E1702135B8AF00DA3069 /* LevelLayerCollectionViewCell.xib */,
				43A2E1722135B8C200DA3069 /* LevelLayerCollectionViewCell.swift */,
			);
			path = Views;
			sourceTree = "<group>";
		};
		43CA8FCC1FB6919900B962D9 = {
			isa = PBXGroup;
			children = (
				43CA8FD71FB6919900B962D9 /* Graph */,
				43CA8FD61FB6919900B962D9 /* Products */,
				08CA4A76AADCB0E24F341BFF /* Pods */,
				D2BDD0E822987D36EEED68DF /* Frameworks */,
			);
			sourceTree = "<group>";
		};
		43CA8FD61FB6919900B962D9 /* Products */ = {
			isa = PBXGroup;
			children = (
				43CA8FD51FB6919900B962D9 /* Graph.app */,
			);
			name = Products;
			sourceTree = "<group>";
		};
		43CA8FD71FB6919900B962D9 /* Graph */ = {
			isa = PBXGroup;
			children = (
				43C581831FE445DE00D344B0 /* Views */,
				43B0127A1FD7580B00F017A6 /* Particles */,
				43B012791FD62DBF00F017A6 /* Models */,
				43860BD81FB8F4830076B0CF /* Helpers */,
				43860BD11FB8ECD20076B0CF /* AdjacencyListComponents */,
				43860BD01FB8ECC50076B0CF /* Extensions */,
				43A1B90320802B9E00C9A065 /* Interactors */,
				43A71C55207A870A008D3104 /* LevelSelectViewController.swift */,
				43CA8FDC1FB6919900B962D9 /* GameViewController.swift */,
				43A2E16E2135B5D100DA3069 /* LayerViewController.swift */,
				43CA8FDE1FB6919900B962D9 /* Main.storyboard */,
				43CA8FE31FB6919900B962D9 /* LaunchScreen.storyboard */,
				43CA8FD81FB6919900B962D9 /* AppDelegate.swift */,
				43CA8FE61FB6919900B962D9 /* Info.plist */,
				436DD3C520BAFFD700CD2912 /* selection_animated_old.gif */,
				436DD3C720BED4B400CD2912 /* selection_animated.gif */,
				4331C6CE213C895A00FC7512 /* aleph.gif */,
				433E816A2142E5F5007E7A14 /* aleph_Idle.gif */,
				43A8BB7F20A91CD200FF4A18 /* Assets.xcassets */,
				43CA8FF01FB6961C00B962D9 /* Graph.scnassets */,
			);
			path = Graph;
			sourceTree = "<group>";
		};
		43D732F7206484E300AA0EFB /* dae */ = {
			isa = PBXGroup;
			children = (
				43270DAF2027A3F000BBF1CF /* crystal.dae */,
				43270DA92027A17700BBF1CF /* Crystal14_1.png */,
				43270DAA2027A17700BBF1CF /* Crystal14_2.png */,
				43270DA520279CEE00BBF1CF /* Crystal14.png */,
				432617641FED71A70031EA1E /* node.dae */,
				43A71C5D207A936B008D3104 /* hexagon.dae */,
				43DD9B46212E45D9003000C7 /* kColor_complete.dae */,
				43DD9B45212E45D8003000C7 /* kColor_locked.dae */,
				43DD9B44212E45D8003000C7 /* kColor_timed.dae */,
				43DD9B47212E45D9003000C7 /* kColor.dae */,
				436C7B162090FC560037342A /* hamiltonian.dae */,
				436C7B092090F9370037342A /* hamiltonian_complete.dae */,
				436C7B052090F9370037342A /* hamiltonian_locked.dae */,
				436C7B062090F9370037342A /* hamiltonian_random.dae */,
				436C7B1D209407EF0037342A /* hamiltonian_timed.dae */,
				436C7B2B20940E440037342A /* mix.dae */,
				436C7B082090F9370037342A /* mix_complete.dae */,
				436C7B032090F9360037342A /* mix_locked.dae */,
				436C7B072090F9370037342A /* mix_random.dae */,
				436C7B1E209407EF0037342A /* mix_timed.dae */,
				436C7B172090FC560037342A /* planar.dae */,
				436C7B0A2090F9370037342A /* planar_complete.dae */,
				436C7B042090F9360037342A /* planar_locked.dae */,
				436C7B0B2090F9370037342A /* planar_random.dae */,
				436C7B1F209407EF0037342A /* planar_timed.dae */,
				436C7B3920961DE40037342A /* spiral.dae */,
				43BF188D209B501800E637D1 /* title.dae */,
				43BF1891209B975100E637D1 /* play.dae */,
			);
			path = dae;
			sourceTree = "<group>";
		};
		D2BDD0E822987D36EEED68DF /* Frameworks */ = {
			isa = PBXGroup;
			children = (
				47C84D32F8969AA271E3E3E3 /* Pods_Graph.framework */,
			);
			name = Frameworks;
			sourceTree = "<group>";
		};
/* End PBXGroup section */

/* Begin PBXNativeTarget section */
		43CA8FD41FB6919900B962D9 /* Graph */ = {
			isa = PBXNativeTarget;
			buildConfigurationList = 43CA8FE91FB6919900B962D9 /* Build configuration list for PBXNativeTarget "Graph" */;
			buildPhases = (
				D562ACE28EDC3DA1B1A7D95D /* [CP] Check Pods Manifest.lock */,
				43CA8FD11FB6919900B962D9 /* Sources */,
				43CA8FD21FB6919900B962D9 /* Frameworks */,
				43CA8FD31FB6919900B962D9 /* Resources */,
				A8F17D6CA1E8193245572424 /* [CP] Embed Pods Frameworks */,
				A49EACB2A09541DCF72A6B58 /* [CP] Copy Pods Resources */,
			);
			buildRules = (
			);
			dependencies = (
			);
			name = Graph;
			productName = Graph;
			productReference = 43CA8FD51FB6919900B962D9 /* Graph.app */;
			productType = "com.apple.product-type.application";
		};
/* End PBXNativeTarget section */

/* Begin PBXProject section */
		43CA8FCD1FB6919900B962D9 /* Project object */ = {
			isa = PBXProject;
			attributes = {
				LastSwiftUpdateCheck = 0910;
				LastUpgradeCheck = 0940;
				ORGANIZATIONNAME = "Fraser King";
				TargetAttributes = {
					43CA8FD41FB6919900B962D9 = {
						CreatedOnToolsVersion = 9.1;
						ProvisioningStyle = Automatic;
					};
				};
			};
			buildConfigurationList = 43CA8FD01FB6919900B962D9 /* Build configuration list for PBXProject "Graph" */;
			compatibilityVersion = "Xcode 8.0";
			developmentRegion = en;
			hasScannedForEncodings = 0;
			knownRegions = (
				en,
				Base,
			);
			mainGroup = 43CA8FCC1FB6919900B962D9;
			productRefGroup = 43CA8FD61FB6919900B962D9 /* Products */;
			projectDirPath = "";
			projectRoot = "";
			targets = (
				43CA8FD41FB6919900B962D9 /* Graph */,
			);
		};
/* End PBXProject section */

/* Begin PBXResourcesBuildPhase section */
		43CA8FD31FB6919900B962D9 /* Resources */ = {
			isa = PBXResourcesBuildPhase;
			buildActionMask = 2147483647;
			files = (
				4331C6CF213C895B00FC7512 /* aleph.gif in Resources */,
				43DD9B4B212E45D9003000C7 /* kColor.dae in Resources */,
				436DD3C820BED4B400CD2912 /* selection_animated.gif in Resources */,
				435BACCA1FD7584400DFAF6B /* Trail.scnp in Resources */,
				43CA8FE51FB6919900B962D9 /* LaunchScreen.storyboard in Resources */,
				436C7B20209407EF0037342A /* hamiltonian_timed.dae in Resources */,
				433E816D2148391C007E7A14 /* layers.plist in Resources */,
				43270DAB2027A17700BBF1CF /* Crystal14_1.png in Resources */,
				436C7B3A20961DE40037342A /* spiral.dae in Resources */,
				436C7B21209407EF0037342A /* mix_timed.dae in Resources */,
				436C7B3C20961E170037342A /* Spiral.scnp in Resources */,
				436C7B0F2090F9370037342A /* hamiltonian_random.dae in Resources */,
				436C7B1A2090FC570037342A /* planar.dae in Resources */,
				436C7B102090F9370037342A /* mix_random.dae in Resources */,
				43B012761FD62BA500F017A6 /* icosahedron.obj in Resources */,
				436C7B142090F9370037342A /* planar_random.dae in Resources */,
				433E816B2142E5F5007E7A14 /* aleph_Idle.gif in Resources */,
				43270DB02027A3F000BBF1CF /* crystal.dae in Resources */,
				43DD9B4A212E45D9003000C7 /* kColor_complete.dae in Resources */,
				433512C61FDE26070078DB5F /* Glow.scnp in Resources */,
				436C7B2C20940E440037342A /* mix.dae in Resources */,
				43CA8FF11FB6961C00B962D9 /* Graph.scnassets in Resources */,
				436C7B0D2090F9370037342A /* planar_locked.dae in Resources */,
				436C7B3E209A9F540037342A /* Emitter.scnp in Resources */,
				436C7B0E2090F9370037342A /* hamiltonian_locked.dae in Resources */,
				436C7B132090F9370037342A /* planar_complete.dae in Resources */,
				43C581851FE4481B00D344B0 /* ColorButtonCollectionViewCell.xib in Resources */,
				432617651FED71A70031EA1E /* node.dae in Resources */,
				434A574F1FDB109400FD172B /* layer1.plist in Resources */,
				43A2E1712135B8AF00DA3069 /* LevelLayerCollectionViewCell.xib in Resources */,
				43270DA620279CEE00BBF1CF /* Crystal14.png in Resources */,
				436C7B0C2090F9370037342A /* mix_locked.dae in Resources */,
				436C7B22209407EF0037342A /* planar_timed.dae in Resources */,
				43270DAC2027A17700BBF1CF /* Crystal14_2.png in Resources */,
				43CA8FE01FB6919900B962D9 /* Main.storyboard in Resources */,
				43DD9B48212E45D9003000C7 /* kColor_timed.dae in Resources */,
				43DD9B49212E45D9003000C7 /* kColor_locked.dae in Resources */,
				435A212221556056003EF7D8 /* layer2.plist in Resources */,
				43C581811FE356AF00D344B0 /* Background.sks in Resources */,
				43A71C5E207A936B008D3104 /* hexagon.dae in Resources */,
				436DD3C620BAFFD700CD2912 /* selection_animated_old.gif in Resources */,
				43A8BB8020A91CD200FF4A18 /* Assets.xcassets in Resources */,
				436C7B192090FC570037342A /* hamiltonian.dae in Resources */,
				436C7B112090F9370037342A /* mix_complete.dae in Resources */,
				43BF1892209B975100E637D1 /* play.dae in Resources */,
				436C7B122090F9370037342A /* hamiltonian_complete.dae in Resources */,
				432110542014D67900E1A24B /* Explode.scnp in Resources */,
				43BF188E209B501900E637D1 /* title.dae in Resources */,
			);
			runOnlyForDeploymentPostprocessing = 0;
		};
/* End PBXResourcesBuildPhase section */

/* Begin PBXShellScriptBuildPhase section */
		A49EACB2A09541DCF72A6B58 /* [CP] Copy Pods Resources */ = {
			isa = PBXShellScriptBuildPhase;
			buildActionMask = 2147483647;
			files = (
			);
			inputPaths = (
			);
			name = "[CP] Copy Pods Resources";
			outputPaths = (
			);
			runOnlyForDeploymentPostprocessing = 0;
			shellPath = /bin/sh;
			shellScript = "\"${SRCROOT}/Pods/Target Support Files/Pods-Graph/Pods-Graph-resources.sh\"\n";
			showEnvVarsInLog = 0;
		};
		A8F17D6CA1E8193245572424 /* [CP] Embed Pods Frameworks */ = {
			isa = PBXShellScriptBuildPhase;
			buildActionMask = 2147483647;
			files = (
			);
			inputPaths = (
			);
			name = "[CP] Embed Pods Frameworks";
			outputPaths = (
			);
			runOnlyForDeploymentPostprocessing = 0;
			shellPath = /bin/sh;
			shellScript = "\"${SRCROOT}/Pods/Target Support Files/Pods-Graph/Pods-Graph-frameworks.sh\"\n";
			showEnvVarsInLog = 0;
		};
		D562ACE28EDC3DA1B1A7D95D /* [CP] Check Pods Manifest.lock */ = {
			isa = PBXShellScriptBuildPhase;
			buildActionMask = 2147483647;
			files = (
			);
			inputPaths = (
			);
			name = "[CP] Check Pods Manifest.lock";
			outputPaths = (
			);
			runOnlyForDeploymentPostprocessing = 0;
			shellPath = /bin/sh;
			shellScript = "diff \"${PODS_PODFILE_DIR_PATH}/Podfile.lock\" \"${PODS_ROOT}/Manifest.lock\" > /dev/null\nif [ $? != 0 ] ; then\n    # print error to STDERR\n    echo \"error: The sandbox is not in sync with the Podfile.lock. Run 'pod install' or update your CocoaPods installation.\" >&2\n    exit 1\nfi\n";
			showEnvVarsInLog = 0;
		};
/* End PBXShellScriptBuildPhase section */

/* Begin PBXSourcesBuildPhase section */
		43CA8FD11FB6919900B962D9 /* Sources */ = {
			isa = PBXSourcesBuildPhase;
			buildActionMask = 2147483647;
			files = (
				43B0E6B220387F4700D444B0 /* UIView+Extensions.swift in Sources */,
				43A71C56207A870A008D3104 /* LevelSelectViewController.swift in Sources */,
				43860BCB1FB7E2880076B0CF /* Graphable.swift in Sources */,
				433E816F21483CE8007E7A14 /* Layer.swift in Sources */,
				43C581891FE4488300D344B0 /* ColorButtonCollectionViewCell.swift in Sources */,
				4344E96920026712003FC234 /* ParticleGeneration.swift in Sources */,
				4344E96B200269E0003FC234 /* GraphAnimation.swift in Sources */,
				43860BD31FB8ED1B0076B0CF /* Level.swift in Sources */,
				43CA8FFE1FB762D300B962D9 /* SCNAction+Extensions.swift in Sources */,
				43B0E6B020374CBD00D444B0 /* CALayer+Extensions.swift in Sources */,
				43860BCD1FB7E2C60076B0CF /* AdjacencyList.swift in Sources */,
				43A1B90520802BBC00C9A065 /* UserDefaultsInteractor.swift in Sources */,
				43CA8FDD1FB6919900B962D9 /* GameViewController.swift in Sources */,
				43860BC91FB7E1DA0076B0CF /* Edges.swift in Sources */,
				43860BC71FB7E17C0076B0CF /* Vertex.swift in Sources */,
				43270DB82027E47B00BBF1CF /* SceneKit+Extensions.swift in Sources */,
				43A2E1732135B8C200DA3069 /* LevelLayerCollectionViewCell.swift in Sources */,
				4350C46A21051FEA00A833A0 /* UIImageVIew+Extensions.swift in Sources */,
				43CA8FF31FB697B600B962D9 /* Shapes.swift in Sources */,
				43A2E16F2135B5D100DA3069 /* LayerViewController.swift in Sources */,
				43A018F31FC10B28005FF276 /* Node.swift in Sources */,
				43B0E6B5203A00A100D444B0 /* SCNGeometry+Extensions.swift in Sources */,
				433E8171214840E4007E7A14 /* Layers.swift in Sources */,
				437C90C81FB7B1BF0017A454 /* SCNVector3+Extensions.swift in Sources */,
				43CA8FD91FB6919900B962D9 /* AppDelegate.swift in Sources */,
				43CA90021FB762D300B962D9 /* UIColor+Extensions.swift in Sources */,
				43A6E29820310662009C072D /* Array+Extensions.swift in Sources */,
				43860BCF1FB8ECA70076B0CF /* SCNNode+Extensions.swift in Sources */,
			);
			runOnlyForDeploymentPostprocessing = 0;
		};
/* End PBXSourcesBuildPhase section */

/* Begin PBXVariantGroup section */
		43CA8FDE1FB6919900B962D9 /* Main.storyboard */ = {
			isa = PBXVariantGroup;
			children = (
				43CA8FDF1FB6919900B962D9 /* Base */,
			);
			name = Main.storyboard;
			sourceTree = "<group>";
		};
		43CA8FE31FB6919900B962D9 /* LaunchScreen.storyboard */ = {
			isa = PBXVariantGroup;
			children = (
				43CA8FE41FB6919900B962D9 /* Base */,
			);
			name = LaunchScreen.storyboard;
			sourceTree = "<group>";
		};
/* End PBXVariantGroup section */

/* Begin XCBuildConfiguration section */
		43CA8FE71FB6919900B962D9 /* Debug */ = {
			isa = XCBuildConfiguration;
			buildSettings = {
				ALWAYS_SEARCH_USER_PATHS = NO;
				CLANG_ANALYZER_NONNULL = YES;
				CLANG_ANALYZER_NUMBER_OBJECT_CONVERSION = YES_AGGRESSIVE;
				CLANG_CXX_LANGUAGE_STANDARD = "gnu++14";
				CLANG_CXX_LIBRARY = "libc++";
				CLANG_ENABLE_MODULES = YES;
				CLANG_ENABLE_OBJC_ARC = YES;
				CLANG_WARN_BLOCK_CAPTURE_AUTORELEASING = YES;
				CLANG_WARN_BOOL_CONVERSION = YES;
				CLANG_WARN_COMMA = YES;
				CLANG_WARN_CONSTANT_CONVERSION = YES;
				CLANG_WARN_DEPRECATED_OBJC_IMPLEMENTATIONS = YES;
				CLANG_WARN_DIRECT_OBJC_ISA_USAGE = YES_ERROR;
				CLANG_WARN_DOCUMENTATION_COMMENTS = YES;
				CLANG_WARN_EMPTY_BODY = YES;
				CLANG_WARN_ENUM_CONVERSION = YES;
				CLANG_WARN_INFINITE_RECURSION = YES;
				CLANG_WARN_INT_CONVERSION = YES;
				CLANG_WARN_NON_LITERAL_NULL_CONVERSION = YES;
				CLANG_WARN_OBJC_IMPLICIT_RETAIN_SELF = YES;
				CLANG_WARN_OBJC_LITERAL_CONVERSION = YES;
				CLANG_WARN_OBJC_ROOT_CLASS = YES_ERROR;
				CLANG_WARN_RANGE_LOOP_ANALYSIS = YES;
				CLANG_WARN_STRICT_PROTOTYPES = YES;
				CLANG_WARN_SUSPICIOUS_MOVE = YES;
				CLANG_WARN_UNGUARDED_AVAILABILITY = YES_AGGRESSIVE;
				CLANG_WARN_UNREACHABLE_CODE = YES;
				CLANG_WARN__DUPLICATE_METHOD_MATCH = YES;
				CODE_SIGN_IDENTITY = "iPhone Developer";
				COPY_PHASE_STRIP = NO;
				DEBUG_INFORMATION_FORMAT = dwarf;
				ENABLE_STRICT_OBJC_MSGSEND = YES;
				ENABLE_TESTABILITY = YES;
				GCC_C_LANGUAGE_STANDARD = gnu11;
				GCC_DYNAMIC_NO_PIC = NO;
				GCC_NO_COMMON_BLOCKS = YES;
				GCC_OPTIMIZATION_LEVEL = 0;
				GCC_PREPROCESSOR_DEFINITIONS = (
					"DEBUG=1",
					"$(inherited)",
				);
				GCC_WARN_64_TO_32_BIT_CONVERSION = YES;
				GCC_WARN_ABOUT_RETURN_TYPE = YES_ERROR;
				GCC_WARN_UNDECLARED_SELECTOR = YES;
				GCC_WARN_UNINITIALIZED_AUTOS = YES_AGGRESSIVE;
				GCC_WARN_UNUSED_FUNCTION = YES;
				GCC_WARN_UNUSED_VARIABLE = YES;
				IPHONEOS_DEPLOYMENT_TARGET = 11.1;
				MTL_ENABLE_DEBUG_INFO = YES;
				ONLY_ACTIVE_ARCH = YES;
				SDKROOT = iphoneos;
				SWIFT_ACTIVE_COMPILATION_CONDITIONS = DEBUG;
				SWIFT_OPTIMIZATION_LEVEL = "-Onone";
			};
			name = Debug;
		};
		43CA8FE81FB6919900B962D9 /* Release */ = {
			isa = XCBuildConfiguration;
			buildSettings = {
				ALWAYS_SEARCH_USER_PATHS = NO;
				CLANG_ANALYZER_NONNULL = YES;
				CLANG_ANALYZER_NUMBER_OBJECT_CONVERSION = YES_AGGRESSIVE;
				CLANG_CXX_LANGUAGE_STANDARD = "gnu++14";
				CLANG_CXX_LIBRARY = "libc++";
				CLANG_ENABLE_MODULES = YES;
				CLANG_ENABLE_OBJC_ARC = YES;
				CLANG_WARN_BLOCK_CAPTURE_AUTORELEASING = YES;
				CLANG_WARN_BOOL_CONVERSION = YES;
				CLANG_WARN_COMMA = YES;
				CLANG_WARN_CONSTANT_CONVERSION = YES;
				CLANG_WARN_DEPRECATED_OBJC_IMPLEMENTATIONS = YES;
				CLANG_WARN_DIRECT_OBJC_ISA_USAGE = YES_ERROR;
				CLANG_WARN_DOCUMENTATION_COMMENTS = YES;
				CLANG_WARN_EMPTY_BODY = YES;
				CLANG_WARN_ENUM_CONVERSION = YES;
				CLANG_WARN_INFINITE_RECURSION = YES;
				CLANG_WARN_INT_CONVERSION = YES;
				CLANG_WARN_NON_LITERAL_NULL_CONVERSION = YES;
				CLANG_WARN_OBJC_IMPLICIT_RETAIN_SELF = YES;
				CLANG_WARN_OBJC_LITERAL_CONVERSION = YES;
				CLANG_WARN_OBJC_ROOT_CLASS = YES_ERROR;
				CLANG_WARN_RANGE_LOOP_ANALYSIS = YES;
				CLANG_WARN_STRICT_PROTOTYPES = YES;
				CLANG_WARN_SUSPICIOUS_MOVE = YES;
				CLANG_WARN_UNGUARDED_AVAILABILITY = YES_AGGRESSIVE;
				CLANG_WARN_UNREACHABLE_CODE = YES;
				CLANG_WARN__DUPLICATE_METHOD_MATCH = YES;
				CODE_SIGN_IDENTITY = "iPhone Developer";
				COPY_PHASE_STRIP = NO;
				DEBUG_INFORMATION_FORMAT = "dwarf-with-dsym";
				ENABLE_NS_ASSERTIONS = NO;
				ENABLE_STRICT_OBJC_MSGSEND = YES;
				GCC_C_LANGUAGE_STANDARD = gnu11;
				GCC_NO_COMMON_BLOCKS = YES;
				GCC_WARN_64_TO_32_BIT_CONVERSION = YES;
				GCC_WARN_ABOUT_RETURN_TYPE = YES_ERROR;
				GCC_WARN_UNDECLARED_SELECTOR = YES;
				GCC_WARN_UNINITIALIZED_AUTOS = YES_AGGRESSIVE;
				GCC_WARN_UNUSED_FUNCTION = YES;
				GCC_WARN_UNUSED_VARIABLE = YES;
				IPHONEOS_DEPLOYMENT_TARGET = 11.1;
				MTL_ENABLE_DEBUG_INFO = NO;
				SDKROOT = iphoneos;
				SWIFT_OPTIMIZATION_LEVEL = "-Owholemodule";
				VALIDATE_PRODUCT = YES;
			};
			name = Release;
		};
		43CA8FEA1FB6919900B962D9 /* Debug */ = {
			isa = XCBuildConfiguration;
			baseConfigurationReference = 910B26147B38720B1B5A169E /* Pods-Graph.debug.xcconfig */;
			buildSettings = {
				ASSETCATALOG_COMPILER_APPICON_NAME = AppIcon;
				CODE_SIGN_STYLE = Automatic;
				DEVELOPMENT_TEAM = WQ4X98Q4GE;
				INFOPLIST_FILE = Graph/Info.plist;
				IPHONEOS_DEPLOYMENT_TARGET = 11.0;
				LD_RUNPATH_SEARCH_PATHS = "$(inherited) @executable_path/Frameworks";
				PRODUCT_BUNDLE_IDENTIFIER = com.frasertheking.Graph;
				PRODUCT_NAME = "$(TARGET_NAME)";
				SWIFT_VERSION = 4.0;
				TARGETED_DEVICE_FAMILY = "1,2";
			};
			name = Debug;
		};
		43CA8FEB1FB6919900B962D9 /* Release */ = {
			isa = XCBuildConfiguration;
			baseConfigurationReference = 156BEFBF47AC34201AC31AC9 /* Pods-Graph.release.xcconfig */;
			buildSettings = {
				ASSETCATALOG_COMPILER_APPICON_NAME = AppIcon;
				CODE_SIGN_STYLE = Automatic;
				DEVELOPMENT_TEAM = WQ4X98Q4GE;
				INFOPLIST_FILE = Graph/Info.plist;
				IPHONEOS_DEPLOYMENT_TARGET = 11.0;
				LD_RUNPATH_SEARCH_PATHS = "$(inherited) @executable_path/Frameworks";
				PRODUCT_BUNDLE_IDENTIFIER = com.frasertheking.Graph;
				PRODUCT_NAME = "$(TARGET_NAME)";
				SWIFT_VERSION = 4.0;
				TARGETED_DEVICE_FAMILY = "1,2";
			};
			name = Release;
		};
/* End XCBuildConfiguration section */

/* Begin XCConfigurationList section */
		43CA8FD01FB6919900B962D9 /* Build configuration list for PBXProject "Graph" */ = {
			isa = XCConfigurationList;
			buildConfigurations = (
				43CA8FE71FB6919900B962D9 /* Debug */,
				43CA8FE81FB6919900B962D9 /* Release */,
			);
			defaultConfigurationIsVisible = 0;
			defaultConfigurationName = Release;
		};
		43CA8FE91FB6919900B962D9 /* Build configuration list for PBXNativeTarget "Graph" */ = {
			isa = XCConfigurationList;
			buildConfigurations = (
				43CA8FEA1FB6919900B962D9 /* Debug */,
				43CA8FEB1FB6919900B962D9 /* Release */,
			);
			defaultConfigurationIsVisible = 0;
			defaultConfigurationName = Release;
		};
/* End XCConfigurationList section */
	};
	rootObject = 43CA8FCD1FB6919900B962D9 /* Project object */;
}
