// !$*UTF8*$!
{
	archiveVersion = 1;
	classes = {
	};
	objectVersion = 48;
	objects = {

/* Begin PBXBuildFile section */
		435BACCA1FD7584400DFAF6B /* Trail.scnp in Resources */ = {isa = PBXBuildFile; fileRef = 435BACC91FD7584400DFAF6B /* Trail.scnp */; };
		435BACCD1FD758C500DFAF6B /* smoke.png in Resources */ = {isa = PBXBuildFile; fileRef = 435BACCB1FD758C500DFAF6B /* smoke.png */; };
		435BACCE1FD758C500DFAF6B /* Smoke.scnp in Resources */ = {isa = PBXBuildFile; fileRef = 435BACCC1FD758C500DFAF6B /* Smoke.scnp */; };
		437C90C81FB7B1BF0017A454 /* SCNVector3+Extensions.swift in Sources */ = {isa = PBXBuildFile; fileRef = 437C90C71FB7B1BF0017A454 /* SCNVector3+Extensions.swift */; };
		43860BC71FB7E17C0076B0CF /* Vertex.swift in Sources */ = {isa = PBXBuildFile; fileRef = 43860BC61FB7E17C0076B0CF /* Vertex.swift */; };
		43860BC91FB7E1DA0076B0CF /* Edges.swift in Sources */ = {isa = PBXBuildFile; fileRef = 43860BC81FB7E1DA0076B0CF /* Edges.swift */; };
		43860BCB1FB7E2880076B0CF /* Graphable.swift in Sources */ = {isa = PBXBuildFile; fileRef = 43860BCA1FB7E2880076B0CF /* Graphable.swift */; };
		43860BCD1FB7E2C60076B0CF /* AdjacencyList.swift in Sources */ = {isa = PBXBuildFile; fileRef = 43860BCC1FB7E2C60076B0CF /* AdjacencyList.swift */; };
		43860BCF1FB8ECA70076B0CF /* SCNNode+Extensions.swift in Sources */ = {isa = PBXBuildFile; fileRef = 43860BCE1FB8ECA70076B0CF /* SCNNode+Extensions.swift */; };
		43860BD31FB8ED1B0076B0CF /* Level.swift in Sources */ = {isa = PBXBuildFile; fileRef = 43860BD21FB8ED1B0076B0CF /* Level.swift */; };
		43860BD51FB8EDCE0076B0CF /* Levels.swift in Sources */ = {isa = PBXBuildFile; fileRef = 43860BD41FB8EDCD0076B0CF /* Levels.swift */; };
		43A018F31FC10B28005FF276 /* Node.swift in Sources */ = {isa = PBXBuildFile; fileRef = 43A018F21FC10B28005FF276 /* Node.swift */; };
		43B012761FD62BA500F017A6 /* icosahedron.obj in Resources */ = {isa = PBXBuildFile; fileRef = 43B012751FD62BA500F017A6 /* icosahedron.obj */; };
		43B012781FD62DBD00F017A6 /* dodecahedron.obj in Resources */ = {isa = PBXBuildFile; fileRef = 43B012771FD62DBD00F017A6 /* dodecahedron.obj */; };
		43CA8FD91FB6919900B962D9 /* AppDelegate.swift in Sources */ = {isa = PBXBuildFile; fileRef = 43CA8FD81FB6919900B962D9 /* AppDelegate.swift */; };
		43CA8FDD1FB6919900B962D9 /* GameViewController.swift in Sources */ = {isa = PBXBuildFile; fileRef = 43CA8FDC1FB6919900B962D9 /* GameViewController.swift */; };
		43CA8FE01FB6919900B962D9 /* Main.storyboard in Resources */ = {isa = PBXBuildFile; fileRef = 43CA8FDE1FB6919900B962D9 /* Main.storyboard */; };
		43CA8FE21FB6919900B962D9 /* Assets.xcassets in Resources */ = {isa = PBXBuildFile; fileRef = 43CA8FE11FB6919900B962D9 /* Assets.xcassets */; };
		43CA8FE51FB6919900B962D9 /* LaunchScreen.storyboard in Resources */ = {isa = PBXBuildFile; fileRef = 43CA8FE31FB6919900B962D9 /* LaunchScreen.storyboard */; };
		43CA8FF11FB6961C00B962D9 /* Graph.scnassets in Resources */ = {isa = PBXBuildFile; fileRef = 43CA8FF01FB6961C00B962D9 /* Graph.scnassets */; };
		43CA8FF31FB697B600B962D9 /* Shapes.swift in Sources */ = {isa = PBXBuildFile; fileRef = 43CA8FF21FB697B600B962D9 /* Shapes.swift */; };
		43CA8FFE1FB762D300B962D9 /* SCNAction+Extensions.swift in Sources */ = {isa = PBXBuildFile; fileRef = 43CA8FF71FB762D300B962D9 /* SCNAction+Extensions.swift */; };
		43CA8FFF1FB762D300B962D9 /* GameHelper.swift in Sources */ = {isa = PBXBuildFile; fileRef = 43CA8FF81FB762D300B962D9 /* GameHelper.swift */; };
		43CA90001FB762D300B962D9 /* Int+Extensions.swift in Sources */ = {isa = PBXBuildFile; fileRef = 43CA8FF91FB762D300B962D9 /* Int+Extensions.swift */; };
		43CA90021FB762D300B962D9 /* UIColor+Extensions.swift in Sources */ = {isa = PBXBuildFile; fileRef = 43CA8FFB1FB762D300B962D9 /* UIColor+Extensions.swift */; };
/* End PBXBuildFile section */

/* Begin PBXFileReference section */
		435BACC91FD7584400DFAF6B /* Trail.scnp */ = {isa = PBXFileReference; lastKnownFileType = file.scp; path = Trail.scnp; sourceTree = "<group>"; };
		435BACCB1FD758C500DFAF6B /* smoke.png */ = {isa = PBXFileReference; lastKnownFileType = image.png; path = smoke.png; sourceTree = "<group>"; };
		435BACCC1FD758C500DFAF6B /* Smoke.scnp */ = {isa = PBXFileReference; lastKnownFileType = file.scp; path = Smoke.scnp; sourceTree = "<group>"; };
		437C90C71FB7B1BF0017A454 /* SCNVector3+Extensions.swift */ = {isa = PBXFileReference; lastKnownFileType = sourcecode.swift; path = "SCNVector3+Extensions.swift"; sourceTree = "<group>"; };
		43860BC61FB7E17C0076B0CF /* Vertex.swift */ = {isa = PBXFileReference; lastKnownFileType = sourcecode.swift; path = Vertex.swift; sourceTree = "<group>"; };
		43860BC81FB7E1DA0076B0CF /* Edges.swift */ = {isa = PBXFileReference; lastKnownFileType = sourcecode.swift; path = Edges.swift; sourceTree = "<group>"; };
		43860BCA1FB7E2880076B0CF /* Graphable.swift */ = {isa = PBXFileReference; lastKnownFileType = sourcecode.swift; path = Graphable.swift; sourceTree = "<group>"; };
		43860BCC1FB7E2C60076B0CF /* AdjacencyList.swift */ = {isa = PBXFileReference; lastKnownFileType = sourcecode.swift; path = AdjacencyList.swift; sourceTree = "<group>"; };
		43860BCE1FB8ECA70076B0CF /* SCNNode+Extensions.swift */ = {isa = PBXFileReference; lastKnownFileType = sourcecode.swift; path = "SCNNode+Extensions.swift"; sourceTree = "<group>"; };
		43860BD21FB8ED1B0076B0CF /* Level.swift */ = {isa = PBXFileReference; lastKnownFileType = sourcecode.swift; path = Level.swift; sourceTree = "<group>"; };
		43860BD41FB8EDCD0076B0CF /* Levels.swift */ = {isa = PBXFileReference; lastKnownFileType = sourcecode.swift; path = Levels.swift; sourceTree = "<group>"; };
		43A018F21FC10B28005FF276 /* Node.swift */ = {isa = PBXFileReference; lastKnownFileType = sourcecode.swift; path = Node.swift; sourceTree = "<group>"; };
		43B012751FD62BA500F017A6 /* icosahedron.obj */ = {isa = PBXFileReference; fileEncoding = 4; lastKnownFileType = text; path = icosahedron.obj; sourceTree = "<group>"; };
		43B012771FD62DBD00F017A6 /* dodecahedron.obj */ = {isa = PBXFileReference; fileEncoding = 4; lastKnownFileType = text; path = dodecahedron.obj; sourceTree = "<group>"; };
		43CA8FD51FB6919900B962D9 /* Graph.app */ = {isa = PBXFileReference; explicitFileType = wrapper.application; includeInIndex = 0; path = Graph.app; sourceTree = BUILT_PRODUCTS_DIR; };
		43CA8FD81FB6919900B962D9 /* AppDelegate.swift */ = {isa = PBXFileReference; lastKnownFileType = sourcecode.swift; path = AppDelegate.swift; sourceTree = "<group>"; };
		43CA8FDC1FB6919900B962D9 /* GameViewController.swift */ = {isa = PBXFileReference; lastKnownFileType = sourcecode.swift; path = GameViewController.swift; sourceTree = "<group>"; };
		43CA8FDF1FB6919900B962D9 /* Base */ = {isa = PBXFileReference; lastKnownFileType = file.storyboard; name = Base; path = Base.lproj/Main.storyboard; sourceTree = "<group>"; };
		43CA8FE11FB6919900B962D9 /* Assets.xcassets */ = {isa = PBXFileReference; lastKnownFileType = folder.assetcatalog; path = Assets.xcassets; sourceTree = "<group>"; };
		43CA8FE41FB6919900B962D9 /* Base */ = {isa = PBXFileReference; lastKnownFileType = file.storyboard; name = Base; path = Base.lproj/LaunchScreen.storyboard; sourceTree = "<group>"; };
		43CA8FE61FB6919900B962D9 /* Info.plist */ = {isa = PBXFileReference; lastKnownFileType = text.plist.xml; path = Info.plist; sourceTree = "<group>"; };
		43CA8FF01FB6961C00B962D9 /* Graph.scnassets */ = {isa = PBXFileReference; lastKnownFileType = wrapper.scnassets; path = Graph.scnassets; sourceTree = "<group>"; };
		43CA8FF21FB697B600B962D9 /* Shapes.swift */ = {isa = PBXFileReference; lastKnownFileType = sourcecode.swift; path = Shapes.swift; sourceTree = "<group>"; };
		43CA8FF71FB762D300B962D9 /* SCNAction+Extensions.swift */ = {isa = PBXFileReference; lastKnownFileType = sourcecode.swift; path = "SCNAction+Extensions.swift"; sourceTree = "<group>"; };
		43CA8FF81FB762D300B962D9 /* GameHelper.swift */ = {isa = PBXFileReference; lastKnownFileType = sourcecode.swift; path = GameHelper.swift; sourceTree = "<group>"; };
		43CA8FF91FB762D300B962D9 /* Int+Extensions.swift */ = {isa = PBXFileReference; lastKnownFileType = sourcecode.swift; path = "Int+Extensions.swift"; sourceTree = "<group>"; };
		43CA8FFB1FB762D300B962D9 /* UIColor+Extensions.swift */ = {isa = PBXFileReference; lastKnownFileType = sourcecode.swift; path = "UIColor+Extensions.swift"; sourceTree = "<group>"; };
/* End PBXFileReference section */

/* Begin PBXFrameworksBuildPhase section */
		43CA8FD21FB6919900B962D9 /* Frameworks */ = {
			isa = PBXFrameworksBuildPhase;
			buildActionMask = 2147483647;
			files = (
			);
			runOnlyForDeploymentPostprocessing = 0;
		};
/* End PBXFrameworksBuildPhase section */

/* Begin PBXGroup section */
		43860BD01FB8ECC50076B0CF /* Extensions */ = {
			isa = PBXGroup;
			children = (
				43CA8FF91FB762D300B962D9 /* Int+Extensions.swift */,
				43CA8FF71FB762D300B962D9 /* SCNAction+Extensions.swift */,
				43CA8FFB1FB762D300B962D9 /* UIColor+Extensions.swift */,
				437C90C71FB7B1BF0017A454 /* SCNVector3+Extensions.swift */,
				43860BCE1FB8ECA70076B0CF /* SCNNode+Extensions.swift */,
			);
			path = Extensions;
			sourceTree = "<group>";
		};
		43860BD11FB8ECD20076B0CF /* AdjacencyComponents */ = {
			isa = PBXGroup;
			children = (
				43860BC61FB7E17C0076B0CF /* Vertex.swift */,
				43860BC81FB7E1DA0076B0CF /* Edges.swift */,
				43860BCA1FB7E2880076B0CF /* Graphable.swift */,
				43860BCC1FB7E2C60076B0CF /* AdjacencyList.swift */,
				43A018F21FC10B28005FF276 /* Node.swift */,
			);
			path = AdjacencyComponents;
			sourceTree = "<group>";
		};
		43860BD81FB8F4830076B0CF /* Helpers */ = {
			isa = PBXGroup;
			children = (
				43CA8FF81FB762D300B962D9 /* GameHelper.swift */,
				43860BD21FB8ED1B0076B0CF /* Level.swift */,
				43860BD41FB8EDCD0076B0CF /* Levels.swift */,
				43CA8FF21FB697B600B962D9 /* Shapes.swift */,
			);
			path = Helpers;
			sourceTree = "<group>";
		};
		43B012791FD62DBF00F017A6 /* Models */ = {
			isa = PBXGroup;
			children = (
				43B012771FD62DBD00F017A6 /* dodecahedron.obj */,
				43B012751FD62BA500F017A6 /* icosahedron.obj */,
			);
			path = Models;
			sourceTree = "<group>";
		};
		43B0127A1FD7580B00F017A6 /* Particles */ = {
			isa = PBXGroup;
			children = (
				435BACC91FD7584400DFAF6B /* Trail.scnp */,
				435BACCB1FD758C500DFAF6B /* smoke.png */,
				435BACCC1FD758C500DFAF6B /* Smoke.scnp */,
			);
			path = Particles;
			sourceTree = "<group>";
		};
		43CA8FCC1FB6919900B962D9 = {
			isa = PBXGroup;
			children = (
				43CA8FD71FB6919900B962D9 /* Graph */,
				43CA8FD61FB6919900B962D9 /* Products */,
			);
			sourceTree = "<group>";
		};
		43CA8FD61FB6919900B962D9 /* Products */ = {
			isa = PBXGroup;
			children = (
				43CA8FD51FB6919900B962D9 /* Graph.app */,
			);
			name = Products;
			sourceTree = "<group>";
		};
		43CA8FD71FB6919900B962D9 /* Graph */ = {
			isa = PBXGroup;
			children = (
				43B0127A1FD7580B00F017A6 /* Particles */,
				43B012791FD62DBF00F017A6 /* Models */,
				43860BD81FB8F4830076B0CF /* Helpers */,
				43860BD11FB8ECD20076B0CF /* AdjacencyComponents */,
				43860BD01FB8ECC50076B0CF /* Extensions */,
				43CA8FDC1FB6919900B962D9 /* GameViewController.swift */,
				43CA8FDE1FB6919900B962D9 /* Main.storyboard */,
				43CA8FE11FB6919900B962D9 /* Assets.xcassets */,
				43CA8FF01FB6961C00B962D9 /* Graph.scnassets */,
				43CA8FE31FB6919900B962D9 /* LaunchScreen.storyboard */,
				43CA8FD81FB6919900B962D9 /* AppDelegate.swift */,
				43CA8FE61FB6919900B962D9 /* Info.plist */,
			);
			path = Graph;
			sourceTree = "<group>";
		};
/* End PBXGroup section */

/* Begin PBXNativeTarget section */
		43CA8FD41FB6919900B962D9 /* Graph */ = {
			isa = PBXNativeTarget;
			buildConfigurationList = 43CA8FE91FB6919900B962D9 /* Build configuration list for PBXNativeTarget "Graph" */;
			buildPhases = (
				43CA8FD11FB6919900B962D9 /* Sources */,
				43CA8FD21FB6919900B962D9 /* Frameworks */,
				43CA8FD31FB6919900B962D9 /* Resources */,
			);
			buildRules = (
			);
			dependencies = (
			);
			name = Graph;
			productName = Graph;
			productReference = 43CA8FD51FB6919900B962D9 /* Graph.app */;
			productType = "com.apple.product-type.application";
		};
/* End PBXNativeTarget section */

/* Begin PBXProject section */
		43CA8FCD1FB6919900B962D9 /* Project object */ = {
			isa = PBXProject;
			attributes = {
				LastSwiftUpdateCheck = 0910;
				LastUpgradeCheck = 0910;
				ORGANIZATIONNAME = "Fraser King";
				TargetAttributes = {
					43CA8FD41FB6919900B962D9 = {
						CreatedOnToolsVersion = 9.1;
						ProvisioningStyle = Automatic;
					};
				};
			};
			buildConfigurationList = 43CA8FD01FB6919900B962D9 /* Build configuration list for PBXProject "Graph" */;
			compatibilityVersion = "Xcode 8.0";
			developmentRegion = en;
			hasScannedForEncodings = 0;
			knownRegions = (
				en,
				Base,
			);
			mainGroup = 43CA8FCC1FB6919900B962D9;
			productRefGroup = 43CA8FD61FB6919900B962D9 /* Products */;
			projectDirPath = "";
			projectRoot = "";
			targets = (
				43CA8FD41FB6919900B962D9 /* Graph */,
			);
		};
/* End PBXProject section */

/* Begin PBXResourcesBuildPhase section */
		43CA8FD31FB6919900B962D9 /* Resources */ = {
			isa = PBXResourcesBuildPhase;
			buildActionMask = 2147483647;
			files = (
				435BACCA1FD7584400DFAF6B /* Trail.scnp in Resources */,
				43CA8FE51FB6919900B962D9 /* LaunchScreen.storyboard in Resources */,
				43B012761FD62BA500F017A6 /* icosahedron.obj in Resources */,
				435BACCD1FD758C500DFAF6B /* smoke.png in Resources */,
				43CA8FE21FB6919900B962D9 /* Assets.xcassets in Resources */,
				43B012781FD62DBD00F017A6 /* dodecahedron.obj in Resources */,
				43CA8FF11FB6961C00B962D9 /* Graph.scnassets in Resources */,
				435BACCE1FD758C500DFAF6B /* Smoke.scnp in Resources */,
				43CA8FE01FB6919900B962D9 /* Main.storyboard in Resources */,
			);
			runOnlyForDeploymentPostprocessing = 0;
		};
/* End PBXResourcesBuildPhase section */

/* Begin PBXSourcesBuildPhase section */
		43CA8FD11FB6919900B962D9 /* Sources */ = {
			isa = PBXSourcesBuildPhase;
			buildActionMask = 2147483647;
			files = (
				43860BCB1FB7E2880076B0CF /* Graphable.swift in Sources */,
				43860BD51FB8EDCE0076B0CF /* Levels.swift in Sources */,
				43860BD31FB8ED1B0076B0CF /* Level.swift in Sources */,
				43CA8FFE1FB762D300B962D9 /* SCNAction+Extensions.swift in Sources */,
				43860BCD1FB7E2C60076B0CF /* AdjacencyList.swift in Sources */,
				43CA8FDD1FB6919900B962D9 /* GameViewController.swift in Sources */,
				43860BC91FB7E1DA0076B0CF /* Edges.swift in Sources */,
				43860BC71FB7E17C0076B0CF /* Vertex.swift in Sources */,
				43CA8FF31FB697B600B962D9 /* Shapes.swift in Sources */,
				43A018F31FC10B28005FF276 /* Node.swift in Sources */,
				437C90C81FB7B1BF0017A454 /* SCNVector3+Extensions.swift in Sources */,
				43CA90001FB762D300B962D9 /* Int+Extensions.swift in Sources */,
				43CA8FD91FB6919900B962D9 /* AppDelegate.swift in Sources */,
				43CA90021FB762D300B962D9 /* UIColor+Extensions.swift in Sources */,
				43860BCF1FB8ECA70076B0CF /* SCNNode+Extensions.swift in Sources */,
				43CA8FFF1FB762D300B962D9 /* GameHelper.swift in Sources */,
			);
			runOnlyForDeploymentPostprocessing = 0;
		};
/* End PBXSourcesBuildPhase section */

/* Begin PBXVariantGroup section */
		43CA8FDE1FB6919900B962D9 /* Main.storyboard */ = {
			isa = PBXVariantGroup;
			children = (
				43CA8FDF1FB6919900B962D9 /* Base */,
			);
			name = Main.storyboard;
			sourceTree = "<group>";
		};
		43CA8FE31FB6919900B962D9 /* LaunchScreen.storyboard */ = {
			isa = PBXVariantGroup;
			children = (
				43CA8FE41FB6919900B962D9 /* Base */,
			);
			name = LaunchScreen.storyboard;
			sourceTree = "<group>";
		};
/* End PBXVariantGroup section */

/* Begin XCBuildConfiguration section */
		43CA8FE71FB6919900B962D9 /* Debug */ = {
			isa = XCBuildConfiguration;
			buildSettings = {
				ALWAYS_SEARCH_USER_PATHS = NO;
				CLANG_ANALYZER_NONNULL = YES;
				CLANG_ANALYZER_NUMBER_OBJECT_CONVERSION = YES_AGGRESSIVE;
				CLANG_CXX_LANGUAGE_STANDARD = "gnu++14";
				CLANG_CXX_LIBRARY = "libc++";
				CLANG_ENABLE_MODULES = YES;
				CLANG_ENABLE_OBJC_ARC = YES;
				CLANG_WARN_BLOCK_CAPTURE_AUTORELEASING = YES;
				CLANG_WARN_BOOL_CONVERSION = YES;
				CLANG_WARN_COMMA = YES;
				CLANG_WARN_CONSTANT_CONVERSION = YES;
				CLANG_WARN_DIRECT_OBJC_ISA_USAGE = YES_ERROR;
				CLANG_WARN_DOCUMENTATION_COMMENTS = YES;
				CLANG_WARN_EMPTY_BODY = YES;
				CLANG_WARN_ENUM_CONVERSION = YES;
				CLANG_WARN_INFINITE_RECURSION = YES;
				CLANG_WARN_INT_CONVERSION = YES;
				CLANG_WARN_NON_LITERAL_NULL_CONVERSION = YES;
				CLANG_WARN_OBJC_LITERAL_CONVERSION = YES;
				CLANG_WARN_OBJC_ROOT_CLASS = YES_ERROR;
				CLANG_WARN_RANGE_LOOP_ANALYSIS = YES;
				CLANG_WARN_STRICT_PROTOTYPES = YES;
				CLANG_WARN_SUSPICIOUS_MOVE = YES;
				CLANG_WARN_UNGUARDED_AVAILABILITY = YES_AGGRESSIVE;
				CLANG_WARN_UNREACHABLE_CODE = YES;
				CLANG_WARN__DUPLICATE_METHOD_MATCH = YES;
				CODE_SIGN_IDENTITY = "iPhone Developer";
				COPY_PHASE_STRIP = NO;
				DEBUG_INFORMATION_FORMAT = dwarf;
				ENABLE_STRICT_OBJC_MSGSEND = YES;
				ENABLE_TESTABILITY = YES;
				GCC_C_LANGUAGE_STANDARD = gnu11;
				GCC_DYNAMIC_NO_PIC = NO;
				GCC_NO_COMMON_BLOCKS = YES;
				GCC_OPTIMIZATION_LEVEL = 0;
				GCC_PREPROCESSOR_DEFINITIONS = (
					"DEBUG=1",
					"$(inherited)",
				);
				GCC_WARN_64_TO_32_BIT_CONVERSION = YES;
				GCC_WARN_ABOUT_RETURN_TYPE = YES_ERROR;
				GCC_WARN_UNDECLARED_SELECTOR = YES;
				GCC_WARN_UNINITIALIZED_AUTOS = YES_AGGRESSIVE;
				GCC_WARN_UNUSED_FUNCTION = YES;
				GCC_WARN_UNUSED_VARIABLE = YES;
				IPHONEOS_DEPLOYMENT_TARGET = 11.1;
				MTL_ENABLE_DEBUG_INFO = YES;
				ONLY_ACTIVE_ARCH = YES;
				SDKROOT = iphoneos;
				SWIFT_ACTIVE_COMPILATION_CONDITIONS = DEBUG;
				SWIFT_OPTIMIZATION_LEVEL = "-Onone";
			};
			name = Debug;
		};
		43CA8FE81FB6919900B962D9 /* Release */ = {
			isa = XCBuildConfiguration;
			buildSettings = {
				ALWAYS_SEARCH_USER_PATHS = NO;
				CLANG_ANALYZER_NONNULL = YES;
				CLANG_ANALYZER_NUMBER_OBJECT_CONVERSION = YES_AGGRESSIVE;
				CLANG_CXX_LANGUAGE_STANDARD = "gnu++14";
				CLANG_CXX_LIBRARY = "libc++";
				CLANG_ENABLE_MODULES = YES;
				CLANG_ENABLE_OBJC_ARC = YES;
				CLANG_WARN_BLOCK_CAPTURE_AUTORELEASING = YES;
				CLANG_WARN_BOOL_CONVERSION = YES;
				CLANG_WARN_COMMA = YES;
				CLANG_WARN_CONSTANT_CONVERSION = YES;
				CLANG_WARN_DIRECT_OBJC_ISA_USAGE = YES_ERROR;
				CLANG_WARN_DOCUMENTATION_COMMENTS = YES;
				CLANG_WARN_EMPTY_BODY = YES;
				CLANG_WARN_ENUM_CONVERSION = YES;
				CLANG_WARN_INFINITE_RECURSION = YES;
				CLANG_WARN_INT_CONVERSION = YES;
				CLANG_WARN_NON_LITERAL_NULL_CONVERSION = YES;
				CLANG_WARN_OBJC_LITERAL_CONVERSION = YES;
				CLANG_WARN_OBJC_ROOT_CLASS = YES_ERROR;
				CLANG_WARN_RANGE_LOOP_ANALYSIS = YES;
				CLANG_WARN_STRICT_PROTOTYPES = YES;
				CLANG_WARN_SUSPICIOUS_MOVE = YES;
				CLANG_WARN_UNGUARDED_AVAILABILITY = YES_AGGRESSIVE;
				CLANG_WARN_UNREACHABLE_CODE = YES;
				CLANG_WARN__DUPLICATE_METHOD_MATCH = YES;
				CODE_SIGN_IDENTITY = "iPhone Developer";
				COPY_PHASE_STRIP = NO;
				DEBUG_INFORMATION_FORMAT = "dwarf-with-dsym";
				ENABLE_NS_ASSERTIONS = NO;
				ENABLE_STRICT_OBJC_MSGSEND = YES;
				GCC_C_LANGUAGE_STANDARD = gnu11;
				GCC_NO_COMMON_BLOCKS = YES;
				GCC_WARN_64_TO_32_BIT_CONVERSION = YES;
				GCC_WARN_ABOUT_RETURN_TYPE = YES_ERROR;
				GCC_WARN_UNDECLARED_SELECTOR = YES;
				GCC_WARN_UNINITIALIZED_AUTOS = YES_AGGRESSIVE;
				GCC_WARN_UNUSED_FUNCTION = YES;
				GCC_WARN_UNUSED_VARIABLE = YES;
				IPHONEOS_DEPLOYMENT_TARGET = 11.1;
				MTL_ENABLE_DEBUG_INFO = NO;
				SDKROOT = iphoneos;
				SWIFT_OPTIMIZATION_LEVEL = "-Owholemodule";
				VALIDATE_PRODUCT = YES;
			};
			name = Release;
		};
		43CA8FEA1FB6919900B962D9 /* Debug */ = {
			isa = XCBuildConfiguration;
			buildSettings = {
				ASSETCATALOG_COMPILER_APPICON_NAME = AppIcon;
				CODE_SIGN_STYLE = Automatic;
				DEVELOPMENT_TEAM = WQ4X98Q4GE;
				INFOPLIST_FILE = Graph/Info.plist;
				IPHONEOS_DEPLOYMENT_TARGET = 11.0;
				LD_RUNPATH_SEARCH_PATHS = "$(inherited) @executable_path/Frameworks";
				PRODUCT_BUNDLE_IDENTIFIER = com.frasertheking.Graph;
				PRODUCT_NAME = "$(TARGET_NAME)";
				SWIFT_VERSION = 4.0;
				TARGETED_DEVICE_FAMILY = "1,2";
			};
			name = Debug;
		};
		43CA8FEB1FB6919900B962D9 /* Release */ = {
			isa = XCBuildConfiguration;
			buildSettings = {
				ASSETCATALOG_COMPILER_APPICON_NAME = AppIcon;
				CODE_SIGN_STYLE = Automatic;
				DEVELOPMENT_TEAM = WQ4X98Q4GE;
				INFOPLIST_FILE = Graph/Info.plist;
				IPHONEOS_DEPLOYMENT_TARGET = 11.0;
				LD_RUNPATH_SEARCH_PATHS = "$(inherited) @executable_path/Frameworks";
				PRODUCT_BUNDLE_IDENTIFIER = com.frasertheking.Graph;
				PRODUCT_NAME = "$(TARGET_NAME)";
				SWIFT_VERSION = 4.0;
				TARGETED_DEVICE_FAMILY = "1,2";
			};
			name = Release;
		};
/* End XCBuildConfiguration section */

/* Begin XCConfigurationList section */
		43CA8FD01FB6919900B962D9 /* Build configuration list for PBXProject "Graph" */ = {
			isa = XCConfigurationList;
			buildConfigurations = (
				43CA8FE71FB6919900B962D9 /* Debug */,
				43CA8FE81FB6919900B962D9 /* Release */,
			);
			defaultConfigurationIsVisible = 0;
			defaultConfigurationName = Release;
		};
		43CA8FE91FB6919900B962D9 /* Build configuration list for PBXNativeTarget "Graph" */ = {
			isa = XCConfigurationList;
			buildConfigurations = (
				43CA8FEA1FB6919900B962D9 /* Debug */,
				43CA8FEB1FB6919900B962D9 /* Release */,
			);
			defaultConfigurationIsVisible = 0;
			defaultConfigurationName = Release;
		};
/* End XCConfigurationList section */
	};
	rootObject = 43CA8FCD1FB6919900B962D9 /* Project object */;
}
